
Microsoft Visual Studio Solution File, Format Version 12.00
# Visual Studio 15
VisualStudioVersion = 15.0.28307.168
MinimumVisualStudioVersion = 10.0.40219.1
Project("{FAE04EC0-301F-11D3-BF4B-00C04F79EFBC}") = "mgPhotosMVC", "mgPhotosMVC\mgPhotosMVC.csproj", "{A1E65B9C-A21F-4281-8C08-5C1E2CE823DC}"
EndProject
Global
	GlobalSection(SolutionConfigurationPlatforms) = preSolution
		Debug|Any CPU = Debug|Any CPU
		Release|Any CPU = Release|Any CPU
	EndGlobalSection
	GlobalSection(ProjectConfigurationPlatforms) = postSolution
		{A1E65B9C-A21F-4281-8C08-5C1E2CE823DC}.Debug|Any CPU.ActiveCfg = Debug|Any CPU
		{A1E65B9C-A21F-4281-8C08-5C1E2CE823DC}.Debug|Any CPU.Build.0 = Debug|Any CPU
		{A1E65B9C-A21F-4281-8C08-5C1E2CE823DC}.Release|Any CPU.ActiveCfg = Release|Any CPU
		{A1E65B9C-A21F-4281-8C08-5C1E2CE823DC}.Release|Any CPU.Build.0 = Release|Any CPU
	EndGlobalSection
	GlobalSection(SolutionProperties) = preSolution
		HideSolutionNode = FALSE
	EndGlobalSection
	GlobalSection(ExtensibilityGlobals) = postSolution
		SolutionGuid = {36A209BA-8872-4FAD-B844-56D718829DF6}
	EndGlobalSection
EndGlobal
